
Microsoft Visual Studio Solution File, Format Version 12.00
# Visual Studio Version 17
VisualStudioVersion = 17.11.35327.3
MinimumVisualStudioVersion = 10.0.40219.1
Project("{9A19103F-16F7-4668-BE54-9A1E7A4F7556}") = "AllYourPlates.WebMVC", "AllYourPlates.WebMVC\AllYourPlates.WebMVC.csproj", "{DC20BAA0-27BB-4855-93D6-25799BB82474}"
EndProject
Project("{2150E333-8FDC-42A3-9474-1A3956D46DE8}") = "Solution Items", "Solution Items", "{096646E5-7522-424A-94B2-C32F5D530466}"
	ProjectSection(SolutionItems) = preProject
		readme.md = readme.md
	EndProjectSection
EndProject
Project("{9A19103F-16F7-4668-BE54-9A1E7A4F7556}") = "AllYourPlates.Services", "AllYourPlates.Services\AllYourPlates.Services.csproj", "{B7DFF165-5624-4B35-9C45-C8FB6D42C59B}"
EndProject
Project("{9A19103F-16F7-4668-BE54-9A1E7A4F7556}") = "AllYourPlates.DataAccess", "AllYourPlates.DataAccess\AllYourPlates.DataAccess.csproj", "{298BE9FF-B29A-4583-BCB4-3B96E2A42FFF}"
EndProject
Project("{9A19103F-16F7-4668-BE54-9A1E7A4F7556}") = "AllYourPlates.Models", "AllYourPlates.Models\AllYourPlates.Models.csproj", "{25A458A4-AF33-48F9-9533-D986E143814E}"
EndProject
Project("{E53339B2-1760-4266-BCC7-CA923CBCF16C}") = "docker-compose", "docker-compose.dcproj", "{850612C8-985E-4AD7-A82E-A6EAF241E9B8}"
EndProject
Project("{9A19103F-16F7-4668-BE54-9A1E7A4F7556}") = "AllYourPlates.Hubs", "AllYourPlates.Hubs\AllYourPlates.Hubs.csproj", "{05BFB656-0B07-4AF7-91A4-2165EE9A407E}"
EndProject
Global
	GlobalSection(SolutionConfigurationPlatforms) = preSolution
		Debug|Any CPU = Debug|Any CPU
		Release|Any CPU = Release|Any CPU
	EndGlobalSection
	GlobalSection(ProjectConfigurationPlatforms) = postSolution
		{DC20BAA0-27BB-4855-93D6-25799BB82474}.Debug|Any CPU.ActiveCfg = Debug|Any CPU
		{DC20BAA0-27BB-4855-93D6-25799BB82474}.Debug|Any CPU.Build.0 = Debug|Any CPU
		{DC20BAA0-27BB-4855-93D6-25799BB82474}.Release|Any CPU.ActiveCfg = Release|Any CPU
		{DC20BAA0-27BB-4855-93D6-25799BB82474}.Release|Any CPU.Build.0 = Release|Any CPU
		{B7DFF165-5624-4B35-9C45-C8FB6D42C59B}.Debug|Any CPU.ActiveCfg = Debug|Any CPU
		{B7DFF165-5624-4B35-9C45-C8FB6D42C59B}.Debug|Any CPU.Build.0 = Debug|Any CPU
		{B7DFF165-5624-4B35-9C45-C8FB6D42C59B}.Release|Any CPU.ActiveCfg = Release|Any CPU
		{B7DFF165-5624-4B35-9C45-C8FB6D42C59B}.Release|Any CPU.Build.0 = Release|Any CPU
		{298BE9FF-B29A-4583-BCB4-3B96E2A42FFF}.Debug|Any CPU.ActiveCfg = Debug|Any CPU
		{298BE9FF-B29A-4583-BCB4-3B96E2A42FFF}.Debug|Any CPU.Build.0 = Debug|Any CPU
		{298BE9FF-B29A-4583-BCB4-3B96E2A42FFF}.Release|Any CPU.ActiveCfg = Release|Any CPU
		{298BE9FF-B29A-4583-BCB4-3B96E2A42FFF}.Release|Any CPU.Build.0 = Release|Any CPU
		{25A458A4-AF33-48F9-9533-D986E143814E}.Debug|Any CPU.ActiveCfg = Debug|Any CPU
		{25A458A4-AF33-48F9-9533-D986E143814E}.Debug|Any CPU.Build.0 = Debug|Any CPU
		{25A458A4-AF33-48F9-9533-D986E143814E}.Release|Any CPU.ActiveCfg = Release|Any CPU
		{25A458A4-AF33-48F9-9533-D986E143814E}.Release|Any CPU.Build.0 = Release|Any CPU
		{850612C8-985E-4AD7-A82E-A6EAF241E9B8}.Debug|Any CPU.ActiveCfg = Debug|Any CPU
		{850612C8-985E-4AD7-A82E-A6EAF241E9B8}.Debug|Any CPU.Build.0 = Debug|Any CPU
		{850612C8-985E-4AD7-A82E-A6EAF241E9B8}.Release|Any CPU.ActiveCfg = Release|Any CPU
		{850612C8-985E-4AD7-A82E-A6EAF241E9B8}.Release|Any CPU.Build.0 = Release|Any CPU
		{05BFB656-0B07-4AF7-91A4-2165EE9A407E}.Debug|Any CPU.ActiveCfg = Debug|Any CPU
		{05BFB656-0B07-4AF7-91A4-2165EE9A407E}.Debug|Any CPU.Build.0 = Debug|Any CPU
		{05BFB656-0B07-4AF7-91A4-2165EE9A407E}.Release|Any CPU.ActiveCfg = Release|Any CPU
		{05BFB656-0B07-4AF7-91A4-2165EE9A407E}.Release|Any CPU.Build.0 = Release|Any CPU
	EndGlobalSection
	GlobalSection(SolutionProperties) = preSolution
		HideSolutionNode = FALSE
	EndGlobalSection
	GlobalSection(ExtensibilityGlobals) = postSolution
		SolutionGuid = {70A1EEC9-84B9-4F34-B273-39DF90EE66D6}
	EndGlobalSection
EndGlobal
